
Microsoft Visual Studio Solution File, Format Version 12.00
# Visual Studio Version 16
VisualStudioVersion = 16.0.31410.357
MinimumVisualStudioVersion = 10.0.40219.1
Project("{9A19103F-16F7-4668-BE54-9A1E7A4F7556}") = "MiniShop.Core", "MiniShop.Core\MiniShop.Core.csproj", "{52F7E872-5401-485D-91F4-9AE11481C77C}"
EndProject
Project("{9A19103F-16F7-4668-BE54-9A1E7A4F7556}") = "MiniShop.Persistence", "MiniShop.Persistence\MiniShop.Persistence.csproj", "{60272D9A-A216-4D2C-B948-0966FFBA2ADF}"
EndProject
Project("{9A19103F-16F7-4668-BE54-9A1E7A4F7556}") = "MiniShop.Web", "MiniShop.Web\MiniShop.Web.csproj", "{DFD76D89-4502-42AD-8A9B-FCC61CF0B138}"
EndProject
Global
	GlobalSection(SolutionConfigurationPlatforms) = preSolution
		Debug|Any CPU = Debug|Any CPU
		Release|Any CPU = Release|Any CPU
	EndGlobalSection
	GlobalSection(ProjectConfigurationPlatforms) = postSolution
		{52F7E872-5401-485D-91F4-9AE11481C77C}.Debug|Any CPU.ActiveCfg = Debug|Any CPU
		{52F7E872-5401-485D-91F4-9AE11481C77C}.Debug|Any CPU.Build.0 = Debug|Any CPU
		{52F7E872-5401-485D-91F4-9AE11481C77C}.Release|Any CPU.ActiveCfg = Release|Any CPU
		{52F7E872-5401-485D-91F4-9AE11481C77C}.Release|Any CPU.Build.0 = Release|Any CPU
		{60272D9A-A216-4D2C-B948-0966FFBA2ADF}.Debug|Any CPU.ActiveCfg = Debug|Any CPU
		{60272D9A-A216-4D2C-B948-0966FFBA2ADF}.Debug|Any CPU.Build.0 = Debug|Any CPU
		{60272D9A-A216-4D2C-B948-0966FFBA2ADF}.Release|Any CPU.ActiveCfg = Release|Any CPU
		{60272D9A-A216-4D2C-B948-0966FFBA2ADF}.Release|Any CPU.Build.0 = Release|Any CPU
		{DFD76D89-4502-42AD-8A9B-FCC61CF0B138}.Debug|Any CPU.ActiveCfg = Debug|Any CPU
		{DFD76D89-4502-42AD-8A9B-FCC61CF0B138}.Debug|Any CPU.Build.0 = Debug|Any CPU
		{DFD76D89-4502-42AD-8A9B-FCC61CF0B138}.Release|Any CPU.ActiveCfg = Release|Any CPU
		{DFD76D89-4502-42AD-8A9B-FCC61CF0B138}.Release|Any CPU.Build.0 = Release|Any CPU
	EndGlobalSection
	GlobalSection(SolutionProperties) = preSolution
		HideSolutionNode = FALSE
	EndGlobalSection
	GlobalSection(ExtensibilityGlobals) = postSolution
		SolutionGuid = {CC122DAA-5B6D-4666-864A-AF3B92BDDC03}
	EndGlobalSection
EndGlobal
